
Microsoft Visual Studio Solution File, Format Version 12.00
# Visual Studio Version 17
VisualStudioVersion = 17.2.32519.379
MinimumVisualStudioVersion = 10.0.40219.1
Project("{9A19103F-16F7-4668-BE54-9A1E7A4F7556}") = "WebTinTuc.BackEnd", "WebTinTuc\WebTinTuc.BackEnd.csproj", "{4EBE9E61-1537-44AC-8BF2-4DE405917E7A}"
EndProject
Project("{2150E333-8FDC-42A3-9474-1A3956D46DE8}") = "Core", "Core", "{637FF16C-DC10-43BA-B5AA-65436BEBF263}"
EndProject
Project("{2150E333-8FDC-42A3-9474-1A3956D46DE8}") = "Application", "Application", "{94267A2C-03B2-4887-95DD-BE35655D15C7}"
EndProject
Project("{2150E333-8FDC-42A3-9474-1A3956D46DE8}") = "Infrastructure_CoSoHaTang", "Infrastructure_CoSoHaTang", "{62F7F74C-DF79-42C6-9EA0-659D46857B17}"
EndProject
Project("{9A19103F-16F7-4668-BE54-9A1E7A4F7556}") = "NetCore.Shared", "Infrastrucsture.NetCore.Shared\NetCore.Shared.csproj", "{3EF81B2B-1EC0-485A-9CD5-350B7A79338C}"
EndProject
Project("{2150E333-8FDC-42A3-9474-1A3956D46DE8}") = "Data", "Data", "{9DEDCA03-E014-48AB-95D7-A591E95B972D}"
EndProject
Project("{9A19103F-16F7-4668-BE54-9A1E7A4F7556}") = "Data.SqlServer", "Data.SqlServer\Data.SqlServer.csproj", "{24B66499-333A-4FCA-87E5-1BBB79B9CE49}"
EndProject
Project("{2150E333-8FDC-42A3-9474-1A3956D46DE8}") = "Web", "Web", "{C9007817-6161-4F1A-9B4E-D8339FA2E1F8}"
EndProject
Project("{FAE04EC0-301F-11D3-BF4B-00C04F79EFBC}") = "WebTinTucApi", "WebTinTucApi\WebTinTucApi.csproj", "{8841A6A1-A170-421A-A6CE-B12244C027DC}"
EndProject
Project("{FAE04EC0-301F-11D3-BF4B-00C04F79EFBC}") = "Core.Application", "Core.Application\Core.Application.csproj", "{A1490531-5E26-45E0-852D-8A428AF84911}"
EndProject
Project("{FAE04EC0-301F-11D3-BF4B-00C04F79EFBC}") = "Core.Domain", "Core.Domain\Core.Domain.csproj", "{0CA3349C-EA13-4207-9682-06074EA3C2BD}"
EndProject
Project("{FAE04EC0-301F-11D3-BF4B-00C04F79EFBC}") = "Infrastructure.IoC", "Infrastructure.IoC\Infrastructure.IoC.csproj", "{5BD9332A-27AC-4F4B-B153-1EA9AE581FFF}"
EndProject
Global
	GlobalSection(SolutionConfigurationPlatforms) = preSolution
		Debug|Any CPU = Debug|Any CPU
		Release|Any CPU = Release|Any CPU
	EndGlobalSection
	GlobalSection(ProjectConfigurationPlatforms) = postSolution
		{4EBE9E61-1537-44AC-8BF2-4DE405917E7A}.Debug|Any CPU.ActiveCfg = Debug|Any CPU
		{4EBE9E61-1537-44AC-8BF2-4DE405917E7A}.Debug|Any CPU.Build.0 = Debug|Any CPU
		{4EBE9E61-1537-44AC-8BF2-4DE405917E7A}.Release|Any CPU.ActiveCfg = Release|Any CPU
		{4EBE9E61-1537-44AC-8BF2-4DE405917E7A}.Release|Any CPU.Build.0 = Release|Any CPU
		{3EF81B2B-1EC0-485A-9CD5-350B7A79338C}.Debug|Any CPU.ActiveCfg = Debug|Any CPU
		{3EF81B2B-1EC0-485A-9CD5-350B7A79338C}.Debug|Any CPU.Build.0 = Debug|Any CPU
		{3EF81B2B-1EC0-485A-9CD5-350B7A79338C}.Release|Any CPU.ActiveCfg = Release|Any CPU
		{3EF81B2B-1EC0-485A-9CD5-350B7A79338C}.Release|Any CPU.Build.0 = Release|Any CPU
		{24B66499-333A-4FCA-87E5-1BBB79B9CE49}.Debug|Any CPU.ActiveCfg = Debug|Any CPU
		{24B66499-333A-4FCA-87E5-1BBB79B9CE49}.Debug|Any CPU.Build.0 = Debug|Any CPU
		{24B66499-333A-4FCA-87E5-1BBB79B9CE49}.Release|Any CPU.ActiveCfg = Release|Any CPU
		{24B66499-333A-4FCA-87E5-1BBB79B9CE49}.Release|Any CPU.Build.0 = Release|Any CPU
		{8841A6A1-A170-421A-A6CE-B12244C027DC}.Debug|Any CPU.ActiveCfg = Debug|Any CPU
		{8841A6A1-A170-421A-A6CE-B12244C027DC}.Debug|Any CPU.Build.0 = Debug|Any CPU
		{8841A6A1-A170-421A-A6CE-B12244C027DC}.Release|Any CPU.ActiveCfg = Release|Any CPU
		{8841A6A1-A170-421A-A6CE-B12244C027DC}.Release|Any CPU.Build.0 = Release|Any CPU
		{A1490531-5E26-45E0-852D-8A428AF84911}.Debug|Any CPU.ActiveCfg = Debug|Any CPU
		{A1490531-5E26-45E0-852D-8A428AF84911}.Debug|Any CPU.Build.0 = Debug|Any CPU
		{A1490531-5E26-45E0-852D-8A428AF84911}.Release|Any CPU.ActiveCfg = Release|Any CPU
		{A1490531-5E26-45E0-852D-8A428AF84911}.Release|Any CPU.Build.0 = Release|Any CPU
		{0CA3349C-EA13-4207-9682-06074EA3C2BD}.Debug|Any CPU.ActiveCfg = Debug|Any CPU
		{0CA3349C-EA13-4207-9682-06074EA3C2BD}.Debug|Any CPU.Build.0 = Debug|Any CPU
		{0CA3349C-EA13-4207-9682-06074EA3C2BD}.Release|Any CPU.ActiveCfg = Release|Any CPU
		{0CA3349C-EA13-4207-9682-06074EA3C2BD}.Release|Any CPU.Build.0 = Release|Any CPU
		{5BD9332A-27AC-4F4B-B153-1EA9AE581FFF}.Debug|Any CPU.ActiveCfg = Debug|Any CPU
		{5BD9332A-27AC-4F4B-B153-1EA9AE581FFF}.Debug|Any CPU.Build.0 = Debug|Any CPU
		{5BD9332A-27AC-4F4B-B153-1EA9AE581FFF}.Release|Any CPU.ActiveCfg = Release|Any CPU
		{5BD9332A-27AC-4F4B-B153-1EA9AE581FFF}.Release|Any CPU.Build.0 = Release|Any CPU
	EndGlobalSection
	GlobalSection(SolutionProperties) = preSolution
		HideSolutionNode = FALSE
	EndGlobalSection
	GlobalSection(NestedProjects) = preSolution
		{4EBE9E61-1537-44AC-8BF2-4DE405917E7A} = {C9007817-6161-4F1A-9B4E-D8339FA2E1F8}
		{94267A2C-03B2-4887-95DD-BE35655D15C7} = {637FF16C-DC10-43BA-B5AA-65436BEBF263}
		{62F7F74C-DF79-42C6-9EA0-659D46857B17} = {637FF16C-DC10-43BA-B5AA-65436BEBF263}
		{3EF81B2B-1EC0-485A-9CD5-350B7A79338C} = {62F7F74C-DF79-42C6-9EA0-659D46857B17}
		{9DEDCA03-E014-48AB-95D7-A591E95B972D} = {62F7F74C-DF79-42C6-9EA0-659D46857B17}
		{24B66499-333A-4FCA-87E5-1BBB79B9CE49} = {9DEDCA03-E014-48AB-95D7-A591E95B972D}
		{8841A6A1-A170-421A-A6CE-B12244C027DC} = {C9007817-6161-4F1A-9B4E-D8339FA2E1F8}
		{A1490531-5E26-45E0-852D-8A428AF84911} = {94267A2C-03B2-4887-95DD-BE35655D15C7}
		{0CA3349C-EA13-4207-9682-06074EA3C2BD} = {94267A2C-03B2-4887-95DD-BE35655D15C7}
		{5BD9332A-27AC-4F4B-B153-1EA9AE581FFF} = {62F7F74C-DF79-42C6-9EA0-659D46857B17}
	EndGlobalSection
	GlobalSection(ExtensibilityGlobals) = postSolution
		SolutionGuid = {456D1795-3906-45AF-A956-B8D63BB84BA0}
	EndGlobalSection
EndGlobal
