
Microsoft Visual Studio Solution File, Format Version 12.00
# Visual Studio Version 17
VisualStudioVersion = 17.2.32519.379
MinimumVisualStudioVersion = 10.0.40219.1
Project("{FAE04EC0-301F-11D3-BF4B-00C04F79EFBC}") = "WebTinTuc", "WebTinTuc\WebTinTuc.csproj", "{4EBE9E61-1537-44AC-8BF2-4DE405917E7A}"
EndProject
Global
	GlobalSection(SolutionConfigurationPlatforms) = preSolution
		Debug|Any CPU = Debug|Any CPU
		Release|Any CPU = Release|Any CPU
	EndGlobalSection
	GlobalSection(ProjectConfigurationPlatforms) = postSolution
		{4EBE9E61-1537-44AC-8BF2-4DE405917E7A}.Debug|Any CPU.ActiveCfg = Debug|Any CPU
		{4EBE9E61-1537-44AC-8BF2-4DE405917E7A}.Debug|Any CPU.Build.0 = Debug|Any CPU
		{4EBE9E61-1537-44AC-8BF2-4DE405917E7A}.Release|Any CPU.ActiveCfg = Release|Any CPU
		{4EBE9E61-1537-44AC-8BF2-4DE405917E7A}.Release|Any CPU.Build.0 = Release|Any CPU
	EndGlobalSection
	GlobalSection(SolutionProperties) = preSolution
		HideSolutionNode = FALSE
	EndGlobalSection
	GlobalSection(ExtensibilityGlobals) = postSolution
		SolutionGuid = {456D1795-3906-45AF-A956-B8D63BB84BA0}
	EndGlobalSection
EndGlobal
